
Microsoft Visual Studio Solution File, Format Version 12.00
# Visual Studio 15
VisualStudioVersion = 15.0.26228.96
MinimumVisualStudioVersion = 10.0.40219.1
Project("{FAE04EC0-301F-11D3-BF4B-00C04F79EFBC}") = "PTiIRMonitor_MonitorManagerApp", "PTiIRMonitor_MonitorManagerApp\PTiIRMonitor_MonitorManagerApp.csproj", "{923883A6-C99D-4A42-BBA2-D5348475E398}"
EndProject
Project("{FAE04EC0-301F-11D3-BF4B-00C04F79EFBC}") = "PTiIRMonitor_ProfesstionalMonitorDeviceClient", "PTiIRMonitor_ProfesstionalMonitorDeviceClient\PTiIRMonitor_ProfesstionalMonitorDeviceClient.csproj", "{FD6854DD-3202-4947-934E-A059FC479CB6}"
EndProject
Project("{FAE04EC0-301F-11D3-BF4B-00C04F79EFBC}") = "PTiIRMonitor_MonitorDeviceModule", "PTiIRMonitor_MonitorDeviceModule\PTiIRMonitor_MonitorDeviceModule.csproj", "{54D9D369-B235-4D4F-808E-74B4FB12A78E}"
EndProject
Project("{FAE04EC0-301F-11D3-BF4B-00C04F79EFBC}") = "PTiIRMonitor_CommandServer", "PTiIRMonitor_CommandServer\PTiIRMonitor_CommandServer.csproj", "{237CBD5D-1A65-4C27-8F43-6ED6071D2E49}"
EndProject
Project("{FAE04EC0-301F-11D3-BF4B-00C04F79EFBC}") = "PTiIRMonitor_MonitorDeviceModuleTests", "PTiIRMonitor_MonitorDeviceModuleTests\PTiIRMonitor_MonitorDeviceModuleTests.csproj", "{C026DE35-7564-4140-82BD-E9A748A4C0B4}"
EndProject
Global
	GlobalSection(SolutionConfigurationPlatforms) = preSolution
		Debug|Any CPU = Debug|Any CPU
		Debug|x86 = Debug|x86
		Release|Any CPU = Release|Any CPU
		Release|x86 = Release|x86
	EndGlobalSection
	GlobalSection(ProjectConfigurationPlatforms) = postSolution
		{923883A6-C99D-4A42-BBA2-D5348475E398}.Debug|Any CPU.ActiveCfg = Debug|Any CPU
		{923883A6-C99D-4A42-BBA2-D5348475E398}.Debug|Any CPU.Build.0 = Debug|Any CPU
		{923883A6-C99D-4A42-BBA2-D5348475E398}.Debug|x86.ActiveCfg = Debug|Any CPU
		{923883A6-C99D-4A42-BBA2-D5348475E398}.Debug|x86.Build.0 = Debug|Any CPU
		{923883A6-C99D-4A42-BBA2-D5348475E398}.Release|Any CPU.ActiveCfg = Release|Any CPU
		{923883A6-C99D-4A42-BBA2-D5348475E398}.Release|Any CPU.Build.0 = Release|Any CPU
		{923883A6-C99D-4A42-BBA2-D5348475E398}.Release|x86.ActiveCfg = Release|Any CPU
		{923883A6-C99D-4A42-BBA2-D5348475E398}.Release|x86.Build.0 = Release|Any CPU
		{FD6854DD-3202-4947-934E-A059FC479CB6}.Debug|Any CPU.ActiveCfg = Debug|x86
		{FD6854DD-3202-4947-934E-A059FC479CB6}.Debug|x86.ActiveCfg = Debug|x86
		{FD6854DD-3202-4947-934E-A059FC479CB6}.Debug|x86.Build.0 = Debug|x86
		{FD6854DD-3202-4947-934E-A059FC479CB6}.Release|Any CPU.ActiveCfg = Release|x86
		{FD6854DD-3202-4947-934E-A059FC479CB6}.Release|x86.ActiveCfg = Release|x86
		{FD6854DD-3202-4947-934E-A059FC479CB6}.Release|x86.Build.0 = Release|x86
		{54D9D369-B235-4D4F-808E-74B4FB12A78E}.Debug|Any CPU.ActiveCfg = Debug|x86
		{54D9D369-B235-4D4F-808E-74B4FB12A78E}.Debug|x86.ActiveCfg = Debug|x86
		{54D9D369-B235-4D4F-808E-74B4FB12A78E}.Debug|x86.Build.0 = Debug|x86
		{54D9D369-B235-4D4F-808E-74B4FB12A78E}.Release|Any CPU.ActiveCfg = Release|x86
		{54D9D369-B235-4D4F-808E-74B4FB12A78E}.Release|x86.ActiveCfg = Release|x86
		{54D9D369-B235-4D4F-808E-74B4FB12A78E}.Release|x86.Build.0 = Release|x86
		{237CBD5D-1A65-4C27-8F43-6ED6071D2E49}.Debug|Any CPU.ActiveCfg = Debug|x86
		{237CBD5D-1A65-4C27-8F43-6ED6071D2E49}.Debug|x86.ActiveCfg = Debug|x86
		{237CBD5D-1A65-4C27-8F43-6ED6071D2E49}.Debug|x86.Build.0 = Debug|x86
		{237CBD5D-1A65-4C27-8F43-6ED6071D2E49}.Release|Any CPU.ActiveCfg = Release|x86
		{237CBD5D-1A65-4C27-8F43-6ED6071D2E49}.Release|x86.ActiveCfg = Release|x86
		{237CBD5D-1A65-4C27-8F43-6ED6071D2E49}.Release|x86.Build.0 = Release|x86
		{C026DE35-7564-4140-82BD-E9A748A4C0B4}.Debug|Any CPU.ActiveCfg = Debug|Any CPU
		{C026DE35-7564-4140-82BD-E9A748A4C0B4}.Debug|Any CPU.Build.0 = Debug|Any CPU
		{C026DE35-7564-4140-82BD-E9A748A4C0B4}.Debug|x86.ActiveCfg = Debug|Any CPU
		{C026DE35-7564-4140-82BD-E9A748A4C0B4}.Debug|x86.Build.0 = Debug|Any CPU
		{C026DE35-7564-4140-82BD-E9A748A4C0B4}.Release|Any CPU.ActiveCfg = Release|Any CPU
		{C026DE35-7564-4140-82BD-E9A748A4C0B4}.Release|Any CPU.Build.0 = Release|Any CPU
		{C026DE35-7564-4140-82BD-E9A748A4C0B4}.Release|x86.ActiveCfg = Release|Any CPU
		{C026DE35-7564-4140-82BD-E9A748A4C0B4}.Release|x86.Build.0 = Release|Any CPU
	EndGlobalSection
	GlobalSection(SolutionProperties) = preSolution
		HideSolutionNode = FALSE
	EndGlobalSection
	GlobalSection(ExtensibilityGlobals) = postSolution
		SolutionGuid = {563D161D-5493-4A59-BCCB-2ADA9912A8E9}
	EndGlobalSection
EndGlobal
